
Microsoft Visual Studio Solution File, Format Version 12.00
# Visual Studio Version 17
VisualStudioVersion = 17.7.34031.279
MinimumVisualStudioVersion = 10.0.40219.1
Project("{8BC9CEB8-8B4A-11D0-8D11-00A0C91BC942}") = "different flags and their values in filing", "different flags and their values in filing\different flags and their values in filing.vcxproj", "{0A99F52A-A29E-48EE-8CBA-CAC22E5372F0}"
EndProject
Global
	GlobalSection(SolutionConfigurationPlatforms) = preSolution
		Debug|x64 = Debug|x64
		Debug|x86 = Debug|x86
		Release|x64 = Release|x64
		Release|x86 = Release|x86
	EndGlobalSection
	GlobalSection(ProjectConfigurationPlatforms) = postSolution
		{0A99F52A-A29E-48EE-8CBA-CAC22E5372F0}.Debug|x64.ActiveCfg = Debug|x64
		{0A99F52A-A29E-48EE-8CBA-CAC22E5372F0}.Debug|x64.Build.0 = Debug|x64
		{0A99F52A-A29E-48EE-8CBA-CAC22E5372F0}.Debug|x86.ActiveCfg = Debug|Win32
		{0A99F52A-A29E-48EE-8CBA-CAC22E5372F0}.Debug|x86.Build.0 = Debug|Win32
		{0A99F52A-A29E-48EE-8CBA-CAC22E5372F0}.Release|x64.ActiveCfg = Release|x64
		{0A99F52A-A29E-48EE-8CBA-CAC22E5372F0}.Release|x64.Build.0 = Release|x64
		{0A99F52A-A29E-48EE-8CBA-CAC22E5372F0}.Release|x86.ActiveCfg = Release|Win32
		{0A99F52A-A29E-48EE-8CBA-CAC22E5372F0}.Release|x86.Build.0 = Release|Win32
	EndGlobalSection
	GlobalSection(SolutionProperties) = preSolution
		HideSolutionNode = FALSE
	EndGlobalSection
	GlobalSection(ExtensibilityGlobals) = postSolution
		SolutionGuid = {3986C2B9-799C-48F9-BAC4-20EEA24C0820}
	EndGlobalSection
EndGlobal
